
Microsoft Visual Studio Solution File, Format Version 12.00
# Visual Studio Version 17
VisualStudioVersion = 17.6.33723.286
MinimumVisualStudioVersion = 10.0.40219.1
Project("{FAE04EC0-301F-11D3-BF4B-00C04F79EFBC}") = "HangmanUI", "HangmanUI.csproj", "{5E4B8019-46A2-4125-96F3-98CB7C7E417C}"
EndProject
Global
	GlobalSection(SolutionConfigurationPlatforms) = preSolution
		Debug|Any CPU = Debug|Any CPU
		Release|Any CPU = Release|Any CPU
	EndGlobalSection
	GlobalSection(ProjectConfigurationPlatforms) = postSolution
		{5E4B8019-46A2-4125-96F3-98CB7C7E417C}.Debug|Any CPU.ActiveCfg = Debug|Any CPU
		{5E4B8019-46A2-4125-96F3-98CB7C7E417C}.Debug|Any CPU.Build.0 = Debug|Any CPU
		{5E4B8019-46A2-4125-96F3-98CB7C7E417C}.Release|Any CPU.ActiveCfg = Release|Any CPU
		{5E4B8019-46A2-4125-96F3-98CB7C7E417C}.Release|Any CPU.Build.0 = Release|Any CPU
	EndGlobalSection
	GlobalSection(SolutionProperties) = preSolution
		HideSolutionNode = FALSE
	EndGlobalSection
	GlobalSection(ExtensibilityGlobals) = postSolution
		SolutionGuid = {0D149330-4C23-4303-B9A5-0D3270CF3642}
	EndGlobalSection
EndGlobal
